
Microsoft Visual Studio Solution File, Format Version 12.00
# Visual Studio Version 16
VisualStudioVersion = 16.0.30804.86
MinimumVisualStudioVersion = 10.0.40219.1
Project("{FAE04EC0-301F-11D3-BF4B-00C04F79EFBC}") = "MapleScreenshotBackup", "src\MapleScreenshotBackup\MapleScreenshotBackup.csproj", "{03C978FB-999F-4769-BA3F-4EAC5FFFE00B}"
EndProject
Global
	GlobalSection(SolutionConfigurationPlatforms) = preSolution
		Debug|Any CPU = Debug|Any CPU
		Release|Any CPU = Release|Any CPU
	EndGlobalSection
	GlobalSection(ProjectConfigurationPlatforms) = postSolution
		{03C978FB-999F-4769-BA3F-4EAC5FFFE00B}.Debug|Any CPU.ActiveCfg = Debug|Any CPU
		{03C978FB-999F-4769-BA3F-4EAC5FFFE00B}.Debug|Any CPU.Build.0 = Debug|Any CPU
		{03C978FB-999F-4769-BA3F-4EAC5FFFE00B}.Release|Any CPU.ActiveCfg = Release|Any CPU
		{03C978FB-999F-4769-BA3F-4EAC5FFFE00B}.Release|Any CPU.Build.0 = Release|Any CPU
	EndGlobalSection
	GlobalSection(SolutionProperties) = preSolution
		HideSolutionNode = FALSE
	EndGlobalSection
	GlobalSection(ExtensibilityGlobals) = postSolution
		SolutionGuid = {127D51F7-F4AC-43EE-A503-007C6974A8FF}
	EndGlobalSection
EndGlobal
